
Microsoft Visual Studio Solution File, Format Version 12.00
# Visual Studio Version 17
VisualStudioVersion = 17.9.34616.47
MinimumVisualStudioVersion = 10.0.40219.1
Project("{FAE04EC0-301F-11D3-BF4B-00C04F79EFBC}") = "WorkTrackerApp", "WorkTrackerApp\WorkTrackerApp.csproj", "{10E7E7D6-8DBE-4AA7-92BF-CC73A62CEDAB}"
EndProject
Global
	GlobalSection(SolutionConfigurationPlatforms) = preSolution
		Debug|Any CPU = Debug|Any CPU
		Release|Any CPU = Release|Any CPU
	EndGlobalSection
	GlobalSection(ProjectConfigurationPlatforms) = postSolution
		{10E7E7D6-8DBE-4AA7-92BF-CC73A62CEDAB}.Debug|Any CPU.ActiveCfg = Debug|Any CPU
		{10E7E7D6-8DBE-4AA7-92BF-CC73A62CEDAB}.Debug|Any CPU.Build.0 = Debug|Any CPU
		{10E7E7D6-8DBE-4AA7-92BF-CC73A62CEDAB}.Release|Any CPU.ActiveCfg = Release|Any CPU
		{10E7E7D6-8DBE-4AA7-92BF-CC73A62CEDAB}.Release|Any CPU.Build.0 = Release|Any CPU
	EndGlobalSection
	GlobalSection(SolutionProperties) = preSolution
		HideSolutionNode = FALSE
	EndGlobalSection
	GlobalSection(ExtensibilityGlobals) = postSolution
		SolutionGuid = {6039768F-7BB5-4104-9765-17375E28AEF0}
	EndGlobalSection
EndGlobal
